{
  "object": {
    "pins": [
      {
        "package": "CryptoSwift",
        "repositoryURL": "https://github.com/krzyzanowskim/CryptoSwift.git",
        "state": {
          "branch": null,
          "revision": "5da70ba744d58d772201f03600eb16c53197652d",
          "version": "0.15.0"
        }
      },
      {
        "package": "SwiftWebSocket",
        "repositoryURL": "https://github.com/Justinwveach/SwiftWebSocket.git",
        "state": {
          "branch": null,
          "revision": "21bfc6324fa39f7bee1be94e7e5df1f9cf35424d",
          "version": "3.0.0"
        }
      },
      {
        "package": "XCGLogger",
        "repositoryURL": "https://github.com/DaveWoodCom/XCGLogger.git",
        "state": {
          "branch": null,
          "revision": "1439885a7c6ac43cdec1bf96b83a0cbdb489244d",
          "version": "6.1.0"
        }
      }
    ]
  },
  "version": 1
}
